
Microsoft Visual Studio Solution File, Format Version 12.00
# Visual Studio Version 17
VisualStudioVersion = 17.1.32421.90
MinimumVisualStudioVersion = 10.0.40219.1
Project("{9A19103F-16F7-4668-BE54-9A1E7A4F7556}") = "PdfLexer", "src\PdfLexer\PdfLexer.csproj", "{9CD808F3-DEE5-4D81-93CC-EB9BB1E9AE8B}"
EndProject
Project("{2150E333-8FDC-42A3-9474-1A3956D46DE8}") = "tests", "tests", "{255B3635-FE74-4930-ABE3-4927692218F6}"
EndProject
Project("{9A19103F-16F7-4668-BE54-9A1E7A4F7556}") = "PdfLexer.Tests", "test\PdfLexer.Tests\PdfLexer.Tests.csproj", "{3483147C-037D-47AB-972D-F95EE245F114}"
EndProject
Project("{2150E333-8FDC-42A3-9474-1A3956D46DE8}") = "bench", "bench", "{582EC350-900E-4119-B8EB-4ED6DD02D45F}"
EndProject
Project("{2150E333-8FDC-42A3-9474-1A3956D46DE8}") = "Solution Items", "Solution Items", "{6FC35F3D-F989-434B-8FF3-929881B88BAA}"
	ProjectSection(SolutionItems) = preProject
		.editorconfig = .editorconfig
	EndProjectSection
EndProject
Project("{9A19103F-16F7-4668-BE54-9A1E7A4F7556}") = "pdflexer.PdfiumRegressionTester", "util\pdflexer.PdfiumRegressionTester\pdflexer.PdfiumRegressionTester.csproj", "{39094293-ADE2-4D9E-BEB7-9713642D12B0}"
EndProject
Project("{2150E333-8FDC-42A3-9474-1A3956D46DE8}") = "util", "util", "{825C7D8C-848E-49F7-BC3C-FF1C9AE7EB74}"
EndProject
Project("{9A19103F-16F7-4668-BE54-9A1E7A4F7556}") = "pdflexer.TestCaseGen", "util\pdflexer.TestCaseGen\pdflexer.TestCaseGen.csproj", "{9CF0AC91-B1AA-4114-90FC-19A93DD59505}"
EndProject
Project("{9A19103F-16F7-4668-BE54-9A1E7A4F7556}") = "PdfLexer.ImageTests", "test\PdfLexer.ImageTests\PdfLexer.ImageTests.csproj", "{45CC7FD2-D89C-47FA-97C9-FA884B681E61}"
EndProject
Project("{9A19103F-16F7-4668-BE54-9A1E7A4F7556}") = "PdfLexer.CMaps", "src\PdfLexer.CMaps\PdfLexer.CMaps.csproj", "{FFDC4EC5-3A85-4F17-BD10-3D69E14F2885}"
EndProject
Project("{9A19103F-16F7-4668-BE54-9A1E7A4F7556}") = "pdflexer.ArlingtonGen", "util\pdflexer.ArlingtonGen\pdflexer.ArlingtonGen.csproj", "{DFAA8A69-56D7-4638-A059-322344F1945F}"
EndProject
Project("{9A19103F-16F7-4668-BE54-9A1E7A4F7556}") = "PdfLexer.ImageSharpExts", "src\PdfLexer.ImageSharpExts\PdfLexer.ImageSharpExts.csproj", "{F316B279-7D63-4847-B62B-74496C573639}"
EndProject
Project("{9A19103F-16F7-4668-BE54-9A1E7A4F7556}") = "PdfLexer.pdfctl", "src\PdfLexer.pdfctl\PdfLexer.pdfctl.csproj", "{332AC91B-5B08-428E-8561-47219A590423}"
EndProject
Project("{9A19103F-16F7-4668-BE54-9A1E7A4F7556}") = "PdfLexer.Powershell", "src\PdfLexer.Powershell\PdfLexer.Powershell.csproj", "{EEBFBBBC-A8FC-410A-B42F-94D2FF77A963}"
EndProject
Project("{9A19103F-16F7-4668-BE54-9A1E7A4F7556}") = "PdfLexer.Benchmarks", "util\PdfLexer.Benchmarks\PdfLexer.Benchmarks.csproj", "{C68F91F5-F936-4DE0-998D-10438B518B47}"
EndProject
Project("{FAE04EC0-301F-11D3-BF4B-00C04F79EFBC}") = "PdfLexer.Validation", "src\PdfLexer.Validation\PdfLexer.Validation.csproj", "{5FD5ABE8-A473-42C5-974B-A46D76E33703}"
EndProject
Global
	GlobalSection(SolutionConfigurationPlatforms) = preSolution
		Debug|Any CPU = Debug|Any CPU
		Release|Any CPU = Release|Any CPU
	EndGlobalSection
	GlobalSection(ProjectConfigurationPlatforms) = postSolution
		{9CD808F3-DEE5-4D81-93CC-EB9BB1E9AE8B}.Debug|Any CPU.ActiveCfg = Debug|Any CPU
		{9CD808F3-DEE5-4D81-93CC-EB9BB1E9AE8B}.Debug|Any CPU.Build.0 = Debug|Any CPU
		{9CD808F3-DEE5-4D81-93CC-EB9BB1E9AE8B}.Release|Any CPU.ActiveCfg = Release|Any CPU
		{9CD808F3-DEE5-4D81-93CC-EB9BB1E9AE8B}.Release|Any CPU.Build.0 = Release|Any CPU
		{3483147C-037D-47AB-972D-F95EE245F114}.Debug|Any CPU.ActiveCfg = Debug|Any CPU
		{3483147C-037D-47AB-972D-F95EE245F114}.Debug|Any CPU.Build.0 = Debug|Any CPU
		{3483147C-037D-47AB-972D-F95EE245F114}.Release|Any CPU.ActiveCfg = Release|Any CPU
		{3483147C-037D-47AB-972D-F95EE245F114}.Release|Any CPU.Build.0 = Release|Any CPU
		{39094293-ADE2-4D9E-BEB7-9713642D12B0}.Debug|Any CPU.ActiveCfg = Debug|Any CPU
		{39094293-ADE2-4D9E-BEB7-9713642D12B0}.Debug|Any CPU.Build.0 = Debug|Any CPU
		{39094293-ADE2-4D9E-BEB7-9713642D12B0}.Release|Any CPU.ActiveCfg = Release|Any CPU
		{39094293-ADE2-4D9E-BEB7-9713642D12B0}.Release|Any CPU.Build.0 = Release|Any CPU
		{9CF0AC91-B1AA-4114-90FC-19A93DD59505}.Debug|Any CPU.ActiveCfg = Debug|Any CPU
		{9CF0AC91-B1AA-4114-90FC-19A93DD59505}.Debug|Any CPU.Build.0 = Debug|Any CPU
		{9CF0AC91-B1AA-4114-90FC-19A93DD59505}.Release|Any CPU.ActiveCfg = Release|Any CPU
		{9CF0AC91-B1AA-4114-90FC-19A93DD59505}.Release|Any CPU.Build.0 = Release|Any CPU
		{45CC7FD2-D89C-47FA-97C9-FA884B681E61}.Debug|Any CPU.ActiveCfg = Debug|Any CPU
		{45CC7FD2-D89C-47FA-97C9-FA884B681E61}.Debug|Any CPU.Build.0 = Debug|Any CPU
		{45CC7FD2-D89C-47FA-97C9-FA884B681E61}.Release|Any CPU.ActiveCfg = Release|Any CPU
		{45CC7FD2-D89C-47FA-97C9-FA884B681E61}.Release|Any CPU.Build.0 = Release|Any CPU
		{FFDC4EC5-3A85-4F17-BD10-3D69E14F2885}.Debug|Any CPU.ActiveCfg = Debug|Any CPU
		{FFDC4EC5-3A85-4F17-BD10-3D69E14F2885}.Debug|Any CPU.Build.0 = Debug|Any CPU
		{FFDC4EC5-3A85-4F17-BD10-3D69E14F2885}.Release|Any CPU.ActiveCfg = Release|Any CPU
		{FFDC4EC5-3A85-4F17-BD10-3D69E14F2885}.Release|Any CPU.Build.0 = Release|Any CPU
		{DFAA8A69-56D7-4638-A059-322344F1945F}.Debug|Any CPU.ActiveCfg = Debug|Any CPU
		{DFAA8A69-56D7-4638-A059-322344F1945F}.Debug|Any CPU.Build.0 = Debug|Any CPU
		{DFAA8A69-56D7-4638-A059-322344F1945F}.Release|Any CPU.ActiveCfg = Release|Any CPU
		{DFAA8A69-56D7-4638-A059-322344F1945F}.Release|Any CPU.Build.0 = Release|Any CPU
		{F316B279-7D63-4847-B62B-74496C573639}.Debug|Any CPU.ActiveCfg = Debug|Any CPU
		{F316B279-7D63-4847-B62B-74496C573639}.Debug|Any CPU.Build.0 = Debug|Any CPU
		{F316B279-7D63-4847-B62B-74496C573639}.Release|Any CPU.ActiveCfg = Release|Any CPU
		{F316B279-7D63-4847-B62B-74496C573639}.Release|Any CPU.Build.0 = Release|Any CPU
		{332AC91B-5B08-428E-8561-47219A590423}.Debug|Any CPU.ActiveCfg = Debug|Any CPU
		{332AC91B-5B08-428E-8561-47219A590423}.Debug|Any CPU.Build.0 = Debug|Any CPU
		{332AC91B-5B08-428E-8561-47219A590423}.Release|Any CPU.ActiveCfg = Release|Any CPU
		{332AC91B-5B08-428E-8561-47219A590423}.Release|Any CPU.Build.0 = Release|Any CPU
		{EEBFBBBC-A8FC-410A-B42F-94D2FF77A963}.Debug|Any CPU.ActiveCfg = Debug|Any CPU
		{EEBFBBBC-A8FC-410A-B42F-94D2FF77A963}.Debug|Any CPU.Build.0 = Debug|Any CPU
		{EEBFBBBC-A8FC-410A-B42F-94D2FF77A963}.Release|Any CPU.ActiveCfg = Release|Any CPU
		{EEBFBBBC-A8FC-410A-B42F-94D2FF77A963}.Release|Any CPU.Build.0 = Release|Any CPU
		{C68F91F5-F936-4DE0-998D-10438B518B47}.Debug|Any CPU.ActiveCfg = Debug|Any CPU
		{C68F91F5-F936-4DE0-998D-10438B518B47}.Debug|Any CPU.Build.0 = Debug|Any CPU
		{C68F91F5-F936-4DE0-998D-10438B518B47}.Release|Any CPU.ActiveCfg = Release|Any CPU
		{C68F91F5-F936-4DE0-998D-10438B518B47}.Release|Any CPU.Build.0 = Release|Any CPU
		{5FD5ABE8-A473-42C5-974B-A46D76E33703}.Debug|Any CPU.ActiveCfg = Debug|Any CPU
		{5FD5ABE8-A473-42C5-974B-A46D76E33703}.Debug|Any CPU.Build.0 = Debug|Any CPU
		{5FD5ABE8-A473-42C5-974B-A46D76E33703}.Release|Any CPU.ActiveCfg = Release|Any CPU
		{5FD5ABE8-A473-42C5-974B-A46D76E33703}.Release|Any CPU.Build.0 = Release|Any CPU
	EndGlobalSection
	GlobalSection(SolutionProperties) = preSolution
		HideSolutionNode = FALSE
	EndGlobalSection
	GlobalSection(NestedProjects) = preSolution
		{3483147C-037D-47AB-972D-F95EE245F114} = {255B3635-FE74-4930-ABE3-4927692218F6}
		{39094293-ADE2-4D9E-BEB7-9713642D12B0} = {825C7D8C-848E-49F7-BC3C-FF1C9AE7EB74}
		{9CF0AC91-B1AA-4114-90FC-19A93DD59505} = {825C7D8C-848E-49F7-BC3C-FF1C9AE7EB74}
		{45CC7FD2-D89C-47FA-97C9-FA884B681E61} = {255B3635-FE74-4930-ABE3-4927692218F6}
		{DFAA8A69-56D7-4638-A059-322344F1945F} = {825C7D8C-848E-49F7-BC3C-FF1C9AE7EB74}
		{C68F91F5-F936-4DE0-998D-10438B518B47} = {582EC350-900E-4119-B8EB-4ED6DD02D45F}
	EndGlobalSection
	GlobalSection(ExtensibilityGlobals) = postSolution
		SolutionGuid = {2CA4BE97-518D-4374-BAC7-469AFC1F69AF}
	EndGlobalSection
EndGlobal
